
Microsoft Visual Studio Solution File, Format Version 12.00
# Visual Studio 15
VisualStudioVersion = 15.0.28010.2050
MinimumVisualStudioVersion = 10.0.40219.1
Project("{9A19103F-16F7-4668-BE54-9A1E7A4F7556}") = "Udger.Parser", "UdgerParser\Udger.Parser.csproj", "{DE1F8243-40A6-44D7-90CC-A2203F572A72}"
EndProject
Project("{2150E333-8FDC-42A3-9474-1A3956D46DE8}") = "Solution Items", "Solution Items", "{F7A0F21B-3FA1-4B99-8F46-E94A70608938}"
	ProjectSection(SolutionItems) = preProject
		LICENSE = LICENSE
		README.md = README.md
	EndProjectSection
EndProject
Project("{FAE04EC0-301F-11D3-BF4B-00C04F79EFBC}") = "ConsoleTest", "ConsoleTest\ConsoleTest.csproj", "{FD36C44C-8AF4-48A8-AE01-8B8AB8AF5582}"
EndProject
Project("{FAE04EC0-301F-11D3-BF4B-00C04F79EFBC}") = "DataTest", "DataTest\DataTest.csproj", "{D858DC59-5E86-43F7-B81E-0C5A80F59CCC}"
EndProject
Global
	GlobalSection(SolutionConfigurationPlatforms) = preSolution
		Debug|Any CPU = Debug|Any CPU
		Debug|Mixed Platforms = Debug|Mixed Platforms
		Debug|x86 = Debug|x86
		Release|Any CPU = Release|Any CPU
		Release|Mixed Platforms = Release|Mixed Platforms
		Release|x86 = Release|x86
	EndGlobalSection
	GlobalSection(ProjectConfigurationPlatforms) = postSolution
		{DE1F8243-40A6-44D7-90CC-A2203F572A72}.Debug|Any CPU.ActiveCfg = Debug|Any CPU
		{DE1F8243-40A6-44D7-90CC-A2203F572A72}.Debug|Any CPU.Build.0 = Debug|Any CPU
		{DE1F8243-40A6-44D7-90CC-A2203F572A72}.Debug|Mixed Platforms.ActiveCfg = Debug|Any CPU
		{DE1F8243-40A6-44D7-90CC-A2203F572A72}.Debug|Mixed Platforms.Build.0 = Debug|Any CPU
		{DE1F8243-40A6-44D7-90CC-A2203F572A72}.Debug|x86.ActiveCfg = Debug|Any CPU
		{DE1F8243-40A6-44D7-90CC-A2203F572A72}.Release|Any CPU.ActiveCfg = Release|Any CPU
		{DE1F8243-40A6-44D7-90CC-A2203F572A72}.Release|Any CPU.Build.0 = Release|Any CPU
		{DE1F8243-40A6-44D7-90CC-A2203F572A72}.Release|Mixed Platforms.ActiveCfg = Release|Any CPU
		{DE1F8243-40A6-44D7-90CC-A2203F572A72}.Release|Mixed Platforms.Build.0 = Release|Any CPU
		{DE1F8243-40A6-44D7-90CC-A2203F572A72}.Release|x86.ActiveCfg = Release|Any CPU
		{FD36C44C-8AF4-48A8-AE01-8B8AB8AF5582}.Debug|Any CPU.ActiveCfg = Debug|Any CPU
		{FD36C44C-8AF4-48A8-AE01-8B8AB8AF5582}.Debug|Any CPU.Build.0 = Debug|Any CPU
		{FD36C44C-8AF4-48A8-AE01-8B8AB8AF5582}.Debug|Mixed Platforms.ActiveCfg = Debug|Any CPU
		{FD36C44C-8AF4-48A8-AE01-8B8AB8AF5582}.Debug|Mixed Platforms.Build.0 = Debug|Any CPU
		{FD36C44C-8AF4-48A8-AE01-8B8AB8AF5582}.Debug|x86.ActiveCfg = Debug|Any CPU
		{FD36C44C-8AF4-48A8-AE01-8B8AB8AF5582}.Debug|x86.Build.0 = Debug|Any CPU
		{FD36C44C-8AF4-48A8-AE01-8B8AB8AF5582}.Release|Any CPU.ActiveCfg = Release|Any CPU
		{FD36C44C-8AF4-48A8-AE01-8B8AB8AF5582}.Release|Any CPU.Build.0 = Release|Any CPU
		{FD36C44C-8AF4-48A8-AE01-8B8AB8AF5582}.Release|Mixed Platforms.ActiveCfg = Release|Any CPU
		{FD36C44C-8AF4-48A8-AE01-8B8AB8AF5582}.Release|Mixed Platforms.Build.0 = Release|Any CPU
		{FD36C44C-8AF4-48A8-AE01-8B8AB8AF5582}.Release|x86.ActiveCfg = Release|Any CPU
		{FD36C44C-8AF4-48A8-AE01-8B8AB8AF5582}.Release|x86.Build.0 = Release|Any CPU
		{D858DC59-5E86-43F7-B81E-0C5A80F59CCC}.Debug|Any CPU.ActiveCfg = Debug|Any CPU
		{D858DC59-5E86-43F7-B81E-0C5A80F59CCC}.Debug|Any CPU.Build.0 = Debug|Any CPU
		{D858DC59-5E86-43F7-B81E-0C5A80F59CCC}.Debug|Mixed Platforms.ActiveCfg = Debug|Any CPU
		{D858DC59-5E86-43F7-B81E-0C5A80F59CCC}.Debug|Mixed Platforms.Build.0 = Debug|Any CPU
		{D858DC59-5E86-43F7-B81E-0C5A80F59CCC}.Debug|x86.ActiveCfg = Debug|Any CPU
		{D858DC59-5E86-43F7-B81E-0C5A80F59CCC}.Debug|x86.Build.0 = Debug|Any CPU
		{D858DC59-5E86-43F7-B81E-0C5A80F59CCC}.Release|Any CPU.ActiveCfg = Release|Any CPU
		{D858DC59-5E86-43F7-B81E-0C5A80F59CCC}.Release|Any CPU.Build.0 = Release|Any CPU
		{D858DC59-5E86-43F7-B81E-0C5A80F59CCC}.Release|Mixed Platforms.ActiveCfg = Release|Any CPU
		{D858DC59-5E86-43F7-B81E-0C5A80F59CCC}.Release|Mixed Platforms.Build.0 = Release|Any CPU
		{D858DC59-5E86-43F7-B81E-0C5A80F59CCC}.Release|x86.ActiveCfg = Release|Any CPU
		{D858DC59-5E86-43F7-B81E-0C5A80F59CCC}.Release|x86.Build.0 = Release|Any CPU
	EndGlobalSection
	GlobalSection(SolutionProperties) = preSolution
		HideSolutionNode = FALSE
	EndGlobalSection
	GlobalSection(ExtensibilityGlobals) = postSolution
		SolutionGuid = {5ECF1904-834C-4537-8B19-029441200407}
	EndGlobalSection
EndGlobal
